
Microsoft Visual Studio Solution File, Format Version 12.00
# Visual Studio Version 17
VisualStudioVersion = 17.8.34322.80
MinimumVisualStudioVersion = 10.0.40219.1
Project("{FAE04EC0-301F-11D3-BF4B-00C04F79EFBC}") = "Modul8.HW.Task2", "Modul8.HW.Task2\Modul8.HW.Task2.csproj", "{77D8036B-1006-4145-85B8-87B81497FB32}"
EndProject
Global
	GlobalSection(SolutionConfigurationPlatforms) = preSolution
		Debug|Any CPU = Debug|Any CPU
		Release|Any CPU = Release|Any CPU
	EndGlobalSection
	GlobalSection(ProjectConfigurationPlatforms) = postSolution
		{77D8036B-1006-4145-85B8-87B81497FB32}.Debug|Any CPU.ActiveCfg = Debug|Any CPU
		{77D8036B-1006-4145-85B8-87B81497FB32}.Debug|Any CPU.Build.0 = Debug|Any CPU
		{77D8036B-1006-4145-85B8-87B81497FB32}.Release|Any CPU.ActiveCfg = Release|Any CPU
		{77D8036B-1006-4145-85B8-87B81497FB32}.Release|Any CPU.Build.0 = Release|Any CPU
	EndGlobalSection
	GlobalSection(SolutionProperties) = preSolution
		HideSolutionNode = FALSE
	EndGlobalSection
	GlobalSection(ExtensibilityGlobals) = postSolution
		SolutionGuid = {7876E137-F882-4E56-9BD3-1404345C4D01}
	EndGlobalSection
EndGlobal
